
Microsoft Visual Studio Solution File, Format Version 12.00
# Visual Studio Version 16
VisualStudioVersion = 16.0.33920.266
MinimumVisualStudioVersion = 10.0.40219.1
Project("{8BC9CEB8-8B4A-11D0-8D11-00A0C91BC942}") = "GeisterEndgamePuzzle", "GeisterEndGamePuzzle.vcxproj", "{59ECF3A6-9E3D-4AA6-995A-9EAC4D4C641F}"
EndProject
Global
	GlobalSection(SolutionConfigurationPlatforms) = preSolution
		Release|x64 = Release|x64
	EndGlobalSection
	GlobalSection(ProjectConfigurationPlatforms) = postSolution
		{59ECF3A6-9E3D-4AA6-995A-9EAC4D4C641F}.Release|x64.ActiveCfg = Release|x64
		{59ECF3A6-9E3D-4AA6-995A-9EAC4D4C641F}.Release|x64.Build.0 = Release|x64
	EndGlobalSection
	GlobalSection(SolutionProperties) = preSolution
		HideSolutionNode = FALSE
	EndGlobalSection
	GlobalSection(ExtensibilityGlobals) = postSolution
		SolutionGuid = {EFC9704A-60D2-4D5D-A0A9-447AA4852C0E}
	EndGlobalSection
EndGlobal
