<?xml version="1.0" encoding="utf-8"?>
<Project ToolsVersion="4.0" xmlns="http://schemas.microsoft.com/developer/msbuild/2003">
  <ItemGroup>
    <Filter Include="source">
      <UniqueIdentifier>{4FC737F1-C7A5-4376-A066-2A32D752A2FF}</UniqueIdentifier>
      <Extensions>cpp;c;cc;cxx;c++;cppm;ixx;def;odl;idl;hpj;bat;asm;asmx</Extensions>
    </Filter>
    <Filter Include="header">
      <UniqueIdentifier>{93995380-89BD-4b04-88EB-625FBE52EBFB}</UniqueIdentifier>
      <Extensions>h;hh;hpp;hxx;h++;hm;inl;inc;ipp;xsd</Extensions>
    </Filter>
  </ItemGroup>
  <ItemGroup>
    <ClInclude Include="Bitboard.h">
      <Filter>header</Filter>
    </ClInclude>
    <ClInclude Include="CN.h">
      <Filter>header</Filter>
    </ClInclude>
    <ClInclude Include="HashTable.h">
      <Filter>header</Filter>
    </ClInclude>
    <ClInclude Include="Node.h">
      <Filter>header</Filter>
    </ClInclude>
    <ClInclude Include="Search.h">
      <Filter>header</Filter>
    </ClInclude>
    <ClInclude Include="RandomGeneration.h">
      <Filter>header</Filter>
    </ClInclude>
    <ClInclude Include="IncludeLib.h">
      <Filter>header</Filter>
    </ClInclude>
    <ClInclude Include="Random.h">
      <Filter>header</Filter>
    </ClInclude>
    <ClInclude Include="ExampleSolution.h">
      <Filter>header</Filter>
    </ClInclude>
    <ClInclude Include="answerGenerator.h">
      <Filter>header</Filter>
    </ClInclude>
    <ClInclude Include="CsvParser.h">
      <Filter>header</Filter>
    </ClInclude>
    <ClInclude Include="ApiUploader.h">
      <Filter>header</Filter>
    </ClInclude>
  </ItemGroup>
  <ItemGroup>
    <ClCompile Include="main.cpp">
      <Filter>source</Filter>
    </ClCompile>
    <ClCompile Include="answerGenerator.cpp">
      <Filter>source</Filter>
    </ClCompile>
    <ClCompile Include="CsvParser.cpp">
      <Filter>source</Filter>
    </ClCompile>
    <ClCompile Include="ApiUploader.cpp">
      <Filter>source</Filter>
    </ClCompile>
    <ClCompile Include="test_api.cpp">
      <Filter>source</Filter>
    </ClCompile>
  </ItemGroup>
  <ItemGroup>
    <None Include="questions.csv" />
  </ItemGroup>
  <ItemGroup>
    <Text Include="CMakeLists.txt" />
  </ItemGroup>
</Project>